PODS:
  - Alamofire (4.7.2)
  - SwiftChart (1.0.1)

DEPENDENCIES:
  - Alamofire
  - SwiftChart

SPEC REPOS:
  https://github.com/cocoapods/specs.git:
    - Alamofire
    - SwiftChart

SPEC CHECKSUMS:
  Alamofire: e4fa87002c137ba2d8d634d2c51fabcda0d5c223
  SwiftChart: ba767a678d568a5ee22d419e146a0582865e1aff

PODFILE CHECKSUM: dfdd893dd8a5ccd1823886de9ea8054e485652bb

COCOAPODS: 1.5.3
